{
  "name": "jamiroquai-rhythm-game",
  "lockfileVersion": 1,
  "requires": true,
  "dependencies": {
    "react": {
      "version": "17.0.2",
      "resolved": "https://registry.npmjs.org/react/-/react-17.0.2.tgz",
      "integrity": "sha512-XxkDA2K09Ahi6FxeRQe5UEUlnOFMdeAErZcZNsWo7ErGJ1V/9uUSeH9sWxXlZhxp6f4EBdNfEJp1jsA6U2zU8w=="
    },
    "react-dom": {
      "version": "17.0.2",
      "resolved": "https://registry.npmjs.org/react-dom/-/react-dom-17.0.2.tgz",
      "integrity": "sha512-JpCZUuXZnMWlM3F2yyiOcVSgOtdXJGRXccHzDUjyMEKZk6RxTHukcEIzX9ItT2fjF5mjyzmaS+F7ErHhnkZytg=="
    },
    "react-scripts": {
      "version": "5.0.1",
      "resolved": "https://registry.npmjs.org/react-scripts/-/react-scripts-5.0.1.tgz",
      "integrity": "sha512-KRLZroSV9LAc5L3PO0RQEZRHE/z0xePqlL2c7GU+DJ0IDUlTL+NBAv6/x3+Gb19tvHScR0RbD14oUkvb4mPl8Q=="
    }
  }
}
